
Microsoft Visual Studio Solution File, Format Version 12.00
# Visual Studio Version 17
VisualStudioVersion = 17.0.31919.166
MinimumVisualStudioVersion = 10.0.40219.1
Project("{9A19103F-16F7-4668-BE54-9A1E7A4F7556}") = "GetNameFromEMail", "GetNameFromEMail\GetNameFromEMail.csproj", "{22C9219A-8E87-46A4-957D-C371B99A405F}"
EndProject
Project("{FAE04EC0-301F-11D3-BF4B-00C04F79EFBC}") = "GetNameFromEMailTests1", "GetNameFromEMailTests1\GetNameFromEMailTests1.csproj", "{123B956F-5E32-4692-B80E-E7523A05A45D}"
EndProject
Global
	GlobalSection(SolutionConfigurationPlatforms) = preSolution
		Debug|Any CPU = Debug|Any CPU
		Release|Any CPU = Release|Any CPU
	EndGlobalSection
	GlobalSection(ProjectConfigurationPlatforms) = postSolution
		{22C9219A-8E87-46A4-957D-C371B99A405F}.Debug|Any CPU.ActiveCfg = Debug|Any CPU
		{22C9219A-8E87-46A4-957D-C371B99A405F}.Debug|Any CPU.Build.0 = Debug|Any CPU
		{22C9219A-8E87-46A4-957D-C371B99A405F}.Release|Any CPU.ActiveCfg = Release|Any CPU
		{22C9219A-8E87-46A4-957D-C371B99A405F}.Release|Any CPU.Build.0 = Release|Any CPU
		{123B956F-5E32-4692-B80E-E7523A05A45D}.Debug|Any CPU.ActiveCfg = Debug|Any CPU
		{123B956F-5E32-4692-B80E-E7523A05A45D}.Debug|Any CPU.Build.0 = Debug|Any CPU
		{123B956F-5E32-4692-B80E-E7523A05A45D}.Release|Any CPU.ActiveCfg = Release|Any CPU
		{123B956F-5E32-4692-B80E-E7523A05A45D}.Release|Any CPU.Build.0 = Release|Any CPU
	EndGlobalSection
	GlobalSection(SolutionProperties) = preSolution
		HideSolutionNode = FALSE
	EndGlobalSection
	GlobalSection(ExtensibilityGlobals) = postSolution
		SolutionGuid = {45C2DF99-C4EB-41DC-AA4C-332BAE581C77}
	EndGlobalSection
EndGlobal
